
Microsoft Visual Studio Solution File, Format Version 12.00
# Visual Studio Version 17
VisualStudioVersion = 17.8.34408.163
MinimumVisualStudioVersion = 10.0.40219.1
Project("{FAE04EC0-301F-11D3-BF4B-00C04F79EFBC}") = "Лабораторна робота 7", "Лабораторна робота 7\Лабораторна робота 7.csproj", "{BF2DD3C5-D1F6-4D91-B269-60AC205E6886}"
EndProject
Global
	GlobalSection(SolutionConfigurationPlatforms) = preSolution
		Debug|Any CPU = Debug|Any CPU
		Release|Any CPU = Release|Any CPU
	EndGlobalSection
	GlobalSection(ProjectConfigurationPlatforms) = postSolution
		{BF2DD3C5-D1F6-4D91-B269-60AC205E6886}.Debug|Any CPU.ActiveCfg = Debug|Any CPU
		{BF2DD3C5-D1F6-4D91-B269-60AC205E6886}.Debug|Any CPU.Build.0 = Debug|Any CPU
		{BF2DD3C5-D1F6-4D91-B269-60AC205E6886}.Release|Any CPU.ActiveCfg = Release|Any CPU
		{BF2DD3C5-D1F6-4D91-B269-60AC205E6886}.Release|Any CPU.Build.0 = Release|Any CPU
	EndGlobalSection
	GlobalSection(SolutionProperties) = preSolution
		HideSolutionNode = FALSE
	EndGlobalSection
	GlobalSection(ExtensibilityGlobals) = postSolution
		SolutionGuid = {8EC3A02F-FD95-46EB-9026-D141A8BFC50A}
	EndGlobalSection
EndGlobal
